{
  "nodes": {
    "flake-parts": {
      "inputs": {
        "nixpkgs-lib": "nixpkgs-lib"
      },
      "locked": {
        "lastModified": 1736143030,
        "narHash": "sha256-+hu54pAoLDEZT9pjHlqL9DNzWz0NbUn8NEAHP7PQPzU=",
        "owner": "hercules-ci",
        "repo": "flake-parts",
        "rev": "b905f6fc23a9051a6e1b741e1438dbfc0634c6de",
        "type": "github"
      },
      "original": {
        "owner": "hercules-ci",
        "repo": "flake-parts",
        "type": "github"
      }
    },
    "nixpkgs": {
      "locked": {
        "lastModified": 1736885593,
        "narHash": "sha256-P6NPhCqtPYplVbpxo3zcOnH03zQX7LDpPCrWlfrWVe0=",
        "owner": "nixos",
        "repo": "nixpkgs",
        "rev": "23a5299a3ac083f36ea2a38103aec834dcfe43e8",
        "type": "github"
      },
      "original": {
        "owner": "nixos",
        "ref": "release-24.11",
        "repo": "nixpkgs",
        "type": "github"
      }
    },
    "nixpkgs-lib": {
      "locked": {
        "lastModified": 1735774519,
        "narHash": "sha256-CewEm1o2eVAnoqb6Ml+Qi9Gg/EfNAxbRx1lANGVyoLI=",
        "type": "tarball",
        "url": "https://github.com/NixOS/nixpkgs/archive/e9b51731911566bbf7e4895475a87fe06961de0b.tar.gz"
      },
      "original": {
        "type": "tarball",
        "url": "https://github.com/NixOS/nixpkgs/archive/e9b51731911566bbf7e4895475a87fe06961de0b.tar.gz"
      }
    },
    "nixpkgs_2": {
      "locked": {
        "lastModified": 1736885593,
        "narHash": "sha256-P6NPhCqtPYplVbpxo3zcOnH03zQX7LDpPCrWlfrWVe0=",
        "owner": "nixos",
        "repo": "nixpkgs",
        "rev": "23a5299a3ac083f36ea2a38103aec834dcfe43e8",
        "type": "github"
      },
      "original": {
        "owner": "nixos",
        "ref": "release-24.11",
        "repo": "nixpkgs",
        "type": "github"
      }
    },
    "root": {
      "inputs": {
        "flake-parts": [
          "rsdd",
          "flake-parts"
        ],
        "nixpkgs": "nixpkgs",
        "rsdd": "rsdd"
      }
    },
    "rsdd": {
      "inputs": {
        "flake-parts": "flake-parts",
        "nixpkgs": "nixpkgs_2"
      },
      "locked": {
        "dir": "nix",
        "lastModified": 1736891188,
        "narHash": "sha256-Qe8d+pCC9NOl0Np5EVtsD7yPfx2CJAuHB9sSKfHf2FM=",
        "owner": "stites",
        "repo": "rsdd",
        "rev": "2a04a70dcb8d77121b26be967cb54f96588572a0",
        "type": "github"
      },
      "original": {
        "dir": "nix",
        "owner": "stites",
        "ref": "2a04a70",
        "repo": "rsdd",
        "type": "github"
      }
    }
  },
  "root": "root",
  "version": 7
}
