{
  "nodes": {
    "crane": {
      "flake": false,
      "locked": {
        "lastModified": 1727316705,
        "narHash": "sha256-/mumx8AQ5xFuCJqxCIOFCHTVlxHkMT21idpbgbm/TIE=",
        "owner": "ipetkov",
        "repo": "crane",
        "rev": "5b03654ce046b5167e7b0bccbd8244cb56c16f0e",
        "type": "github"
      },
      "original": {
        "owner": "ipetkov",
        "ref": "v0.19.0",
        "repo": "crane",
        "type": "github"
      }
    },
    "dream2nix": {
      "inputs": {
        "nixpkgs": [
          "rsdd",
          "nci",
          "nixpkgs"
        ],
        "purescript-overlay": "purescript-overlay",
        "pyproject-nix": "pyproject-nix"
      },
      "locked": {
        "lastModified": 1731424167,
        "narHash": "sha256-nKKeRwq7mxcW8cBTmPKzSg0DR/inVrtuJudVM81GISU=",
        "owner": "nix-community",
        "repo": "dream2nix",
        "rev": "44d41411686bc798876bd6d9f36a4c1143138d85",
        "type": "github"
      },
      "original": {
        "owner": "nix-community",
        "repo": "dream2nix",
        "type": "github"
      }
    },
    "flake-compat": {
      "flake": false,
      "locked": {
        "lastModified": 1696426674,
        "narHash": "sha256-kvjfFW7WAETZlt09AgDn1MrtKzP7t90Vf7vypd3OL1U=",
        "owner": "edolstra",
        "repo": "flake-compat",
        "rev": "0f9255e01c2351cc7d116c072cb317785dd33b33",
        "type": "github"
      },
      "original": {
        "owner": "edolstra",
        "repo": "flake-compat",
        "type": "github"
      }
    },
    "flake-root": {
      "locked": {
        "lastModified": 1723604017,
        "narHash": "sha256-rBtQ8gg+Dn4Sx/s+pvjdq3CB2wQNzx9XGFq/JVGCB6k=",
        "owner": "srid",
        "repo": "flake-root",
        "rev": "b759a56851e10cb13f6b8e5698af7b59c44be26e",
        "type": "github"
      },
      "original": {
        "owner": "srid",
        "repo": "flake-root",
        "type": "github"
      }
    },
    "haskell-flake": {
      "locked": {
        "lastModified": 1731272671,
        "narHash": "sha256-QS+dOZzsqLJ8NjhLCHp3zKD+d9nUThL/pcA4U0TlYBs=",
        "owner": "srid",
        "repo": "haskell-flake",
        "rev": "f42037d5e1a4ab012fc6783e2857e8dad511518c",
        "type": "github"
      },
      "original": {
        "owner": "srid",
        "repo": "haskell-flake",
        "type": "github"
      }
    },
    "mission-control": {
      "locked": {
        "lastModified": 1727581548,
        "narHash": "sha256-LDAHv2KECDaf9hf6oFV2dMCqPzEaYFcmeQCOnA+/eh8=",
        "owner": "Platonic-Systems",
        "repo": "mission-control",
        "rev": "781a209a8cdeb9e63a26d19b2e3b75565266db97",
        "type": "github"
      },
      "original": {
        "owner": "Platonic-Systems",
        "repo": "mission-control",
        "type": "github"
      }
    },
    "mk-naked-shell": {
      "flake": false,
      "locked": {
        "lastModified": 1681286841,
        "narHash": "sha256-3XlJrwlR0nBiREnuogoa5i1b4+w/XPe0z8bbrJASw0g=",
        "owner": "yusdacra",
        "repo": "mk-naked-shell",
        "rev": "7612f828dd6f22b7fb332cc69440e839d7ffe6bd",
        "type": "github"
      },
      "original": {
        "owner": "yusdacra",
        "repo": "mk-naked-shell",
        "type": "github"
      }
    },
    "nci": {
      "inputs": {
        "crane": "crane",
        "dream2nix": "dream2nix",
        "mk-naked-shell": "mk-naked-shell",
        "nixpkgs": "nixpkgs",
        "parts": "parts",
        "rust-overlay": "rust-overlay",
        "treefmt": "treefmt"
      },
      "locked": {
        "lastModified": 1731524771,
        "narHash": "sha256-wE+wLIq7QwrMcCYatx7ulOLyZEdRWHNwnqHZmue+NzY=",
        "owner": "yusdacra",
        "repo": "nix-cargo-integration",
        "rev": "c026e3f9a33cdeac301534990c763bbbf8c62199",
        "type": "github"
      },
      "original": {
        "owner": "yusdacra",
        "repo": "nix-cargo-integration",
        "type": "github"
      }
    },
    "nixpkgs": {
      "locked": {
        "lastModified": 1731139594,
        "narHash": "sha256-IigrKK3vYRpUu+HEjPL/phrfh7Ox881er1UEsZvw9Q4=",
        "owner": "NixOS",
        "repo": "nixpkgs",
        "rev": "76612b17c0ce71689921ca12d9ffdc9c23ce40b2",
        "type": "github"
      },
      "original": {
        "owner": "NixOS",
        "ref": "nixos-unstable",
        "repo": "nixpkgs",
        "type": "github"
      }
    },
    "parts": {
      "inputs": {
        "nixpkgs-lib": [
          "rsdd",
          "nci",
          "nixpkgs"
        ]
      },
      "locked": {
        "lastModified": 1730504689,
        "narHash": "sha256-hgmguH29K2fvs9szpq2r3pz2/8cJd2LPS+b4tfNFCwE=",
        "owner": "hercules-ci",
        "repo": "flake-parts",
        "rev": "506278e768c2a08bec68eb62932193e341f55c90",
        "type": "github"
      },
      "original": {
        "owner": "hercules-ci",
        "repo": "flake-parts",
        "type": "github"
      }
    },
    "purescript-overlay": {
      "inputs": {
        "flake-compat": "flake-compat",
        "nixpkgs": [
          "rsdd",
          "nci",
          "dream2nix",
          "nixpkgs"
        ],
        "slimlock": "slimlock"
      },
      "locked": {
        "lastModified": 1728546539,
        "narHash": "sha256-Sws7w0tlnjD+Bjck1nv29NjC5DbL6nH5auL9Ex9Iz2A=",
        "owner": "thomashoneyman",
        "repo": "purescript-overlay",
        "rev": "4ad4c15d07bd899d7346b331f377606631eb0ee4",
        "type": "github"
      },
      "original": {
        "owner": "thomashoneyman",
        "repo": "purescript-overlay",
        "type": "github"
      }
    },
    "pyproject-nix": {
      "flake": false,
      "locked": {
        "lastModified": 1702448246,
        "narHash": "sha256-hFg5s/hoJFv7tDpiGvEvXP0UfFvFEDgTdyHIjDVHu1I=",
        "owner": "davhau",
        "repo": "pyproject.nix",
        "rev": "5a06a2697b228c04dd2f35659b4b659ca74f7aeb",
        "type": "github"
      },
      "original": {
        "owner": "davhau",
        "ref": "dream2nix",
        "repo": "pyproject.nix",
        "type": "github"
      }
    },
    "root": {
      "inputs": {
        "flake-parts": [
          "rsdd",
          "flake-parts"
        ],
        "flake-root": "flake-root",
        "haskell-flake": "haskell-flake",
        "mission-control": "mission-control",
        "nixpkgs": [
          "rsdd",
          "nixpkgs"
        ],
        "rsdd": "rsdd",
        "treefmt-nix": [
          "rsdd",
          "nci",
          "treefmt"
        ]
      }
    },
    "rsdd": {
      "inputs": {
        "flake-parts": [
          "rsdd",
          "nci",
          "parts"
        ],
        "nci": "nci",
        "nixpkgs": [
          "rsdd",
          "nci",
          "nixpkgs"
        ]
      },
      "locked": {
        "lastModified": 1731538152,
        "narHash": "sha256-tPMIhNJwEH/pUs4iN5fXOb4R/ndhsbv+1QPjddAmJb0=",
        "path": "/home/stites/git/haskell/active/rsdd/nix",
        "type": "path"
      },
      "original": {
        "path": "/home/stites/git/haskell/active/rsdd/nix",
        "type": "path"
      }
    },
    "rust-overlay": {
      "inputs": {
        "nixpkgs": [
          "rsdd",
          "nci",
          "nixpkgs"
        ]
      },
      "locked": {
        "lastModified": 1731464916,
        "narHash": "sha256-WZ5rpjr/wCt7yBOUsvDE2i22hYz9g8W921jlwVktRQ4=",
        "owner": "oxalica",
        "repo": "rust-overlay",
        "rev": "2c19bad6e881b5a154cafb7f9106879b5b356d1f",
        "type": "github"
      },
      "original": {
        "owner": "oxalica",
        "repo": "rust-overlay",
        "type": "github"
      }
    },
    "slimlock": {
      "inputs": {
        "nixpkgs": [
          "rsdd",
          "nci",
          "dream2nix",
          "purescript-overlay",
          "nixpkgs"
        ]
      },
      "locked": {
        "lastModified": 1688756706,
        "narHash": "sha256-xzkkMv3neJJJ89zo3o2ojp7nFeaZc2G0fYwNXNJRFlo=",
        "owner": "thomashoneyman",
        "repo": "slimlock",
        "rev": "cf72723f59e2340d24881fd7bf61cb113b4c407c",
        "type": "github"
      },
      "original": {
        "owner": "thomashoneyman",
        "repo": "slimlock",
        "type": "github"
      }
    },
    "treefmt": {
      "inputs": {
        "nixpkgs": [
          "rsdd",
          "nci",
          "nixpkgs"
        ]
      },
      "locked": {
        "lastModified": 1730321837,
        "narHash": "sha256-vK+a09qq19QNu2MlLcvN4qcRctJbqWkX7ahgPZ/+maI=",
        "owner": "numtide",
        "repo": "treefmt-nix",
        "rev": "746901bb8dba96d154b66492a29f5db0693dbfcc",
        "type": "github"
      },
      "original": {
        "owner": "numtide",
        "repo": "treefmt-nix",
        "type": "github"
      }
    }
  },
  "root": "root",
  "version": 7
}
